
Microsoft Visual Studio Solution File, Format Version 12.00
# Visual Studio Version 16
VisualStudioVersion = 16.0.29209.152
MinimumVisualStudioVersion = 10.0.40219.1
Project("{FAE04EC0-301F-11D3-BF4B-00C04F79EFBC}") = "WiredBrainCoffeeTool", "WiredBrainCoffeeTool\WiredBrainCoffeeTool.csproj", "{02F5EA48-F29F-4676-ADD2-06FD5C36E169}"
EndProject
Global
	GlobalSection(SolutionConfigurationPlatforms) = preSolution
		Debug|Any CPU = Debug|Any CPU
		Release|Any CPU = Release|Any CPU
	EndGlobalSection
	GlobalSection(ProjectConfigurationPlatforms) = postSolution
		{02F5EA48-F29F-4676-ADD2-06FD5C36E169}.Debug|Any CPU.ActiveCfg = Debug|Any CPU
		{02F5EA48-F29F-4676-ADD2-06FD5C36E169}.Debug|Any CPU.Build.0 = Debug|Any CPU
		{02F5EA48-F29F-4676-ADD2-06FD5C36E169}.Release|Any CPU.ActiveCfg = Release|Any CPU
		{02F5EA48-F29F-4676-ADD2-06FD5C36E169}.Release|Any CPU.Build.0 = Release|Any CPU
	EndGlobalSection
	GlobalSection(SolutionProperties) = preSolution
		HideSolutionNode = FALSE
	EndGlobalSection
	GlobalSection(ExtensibilityGlobals) = postSolution
		SolutionGuid = {82B9EE02-9DF1-4DB4-B0FD-66EC955AF16B}
	EndGlobalSection
EndGlobal
